{
    "name": "wendigo-ems",
    "version": "0.0.1-dev",
    "lockfileVersion": 3,
    "requires": true,
    "packages": {
        "": {
            "name": "wendigo-ems",
            "version": "0.0.1-dev",
            "license": "MIT",
            "dependencies": {
                "wendigo-ems": "github:Isja-krass/wendigo-ems"
            }
        },
        "node_modules/wendigo-ems": {
            "version": "0.0.1-dev",
            "resolved": "git+ssh://git@github.com/Isja-krass/wendigo-ems.git#58691498a219f807a7febac39f483cdb061062d9",
            "license": "MIT"
        }
    }
}
